
Microsoft Visual Studio Solution File, Format Version 12.00
# Visual Studio Version 17
VisualStudioVersion = 17.14.36401.2
MinimumVisualStudioVersion = 10.0.40219.1
Project("{2150E333-8FDC-42A3-9474-1A3956D46DE8}") = "UI", "UI", "{02EA681E-C7D8-13C7-8484-4AC65E1B71E8}"
EndProject
Project("{2150E333-8FDC-42A3-9474-1A3956D46DE8}") = "API", "API", "{5432D59D-DE27-435F-A145-B2F62216C9AC}"
EndProject
Project("{2150E333-8FDC-42A3-9474-1A3956D46DE8}") = "Core", "Core", "{58B57A10-B617-4DAA-83C3-B98130E09CFF}"
EndProject
Project("{2150E333-8FDC-42A3-9474-1A3956D46DE8}") = "Infrastructure", "Infrastructure", "{C2576654-F323-444A-9BA7-7AB9235691E6}"
EndProject
Project("{2150E333-8FDC-42A3-9474-1A3956D46DE8}") = "src", "src", "{40A7FBB2-0F20-4AE1-877C-BD1DF47EACEC}"
EndProject
Project("{2150E333-8FDC-42A3-9474-1A3956D46DE8}") = "test", "test", "{76CE993D-4897-487E-B8CA-E2AD3A610822}"
EndProject
Project("{FAE04EC0-301F-11D3-BF4B-00C04F79EFBC}") = "SimpleProductInventoryManagement.Domain", "..\SimpleProductInventoryManagement.Domain\SimpleProductInventoryManagement.Domain.csproj", "{7DE33397-40E0-47A8-9837-37002A6F02E5}"
EndProject
Project("{FAE04EC0-301F-11D3-BF4B-00C04F79EFBC}") = "SimpleProductInventoryManagement.Application", "..\SimpleProductInventoryManagement.Application\SimpleProductInventoryManagement.Application.csproj", "{0BFFC87C-20A7-449C-B70F-983CCFBFCE07}"
EndProject
Project("{FAE04EC0-301F-11D3-BF4B-00C04F79EFBC}") = "SimpleProductInventoryManagement.Persistence", "..\SimpleProductInventoryManagement.Persistence\SimpleProductInventoryManagement.Persistence.csproj", "{16265188-031F-4487-8915-F73B2833AFCA}"
EndProject
Project("{FAE04EC0-301F-11D3-BF4B-00C04F79EFBC}") = "SimpleProductInventoryManagement.Api", "..\SimpleProductInventoryManagement.Api\SimpleProductInventoryManagement.Api.csproj", "{12F1F775-B4E9-4B49-B5C5-06C2FCCF58F2}"
EndProject
Project("{FAE04EC0-301F-11D3-BF4B-00C04F79EFBC}") = "SimpleProductInventoryManagement.PLEASE", "SimpleProductInventoryManagement.PLEASE\SimpleProductInventoryManagement.PLEASE.csproj", "{306869BB-2352-4A55-B9F4-B14E7EA2CAD8}"
EndProject
Project("{FAE04EC0-301F-11D3-BF4B-00C04F79EFBC}") = "SimpleProductInventoryManagement.Identity", "SimpleProductInventoryManagement.Identity\SimpleProductInventoryManagement.Identity.csproj", "{00B77A01-05AD-4200-9301-6BB638D53360}"
EndProject
Global
	GlobalSection(SolutionConfigurationPlatforms) = preSolution
		Debug|Any CPU = Debug|Any CPU
		Release|Any CPU = Release|Any CPU
	EndGlobalSection
	GlobalSection(ProjectConfigurationPlatforms) = postSolution
		{7DE33397-40E0-47A8-9837-37002A6F02E5}.Debug|Any CPU.ActiveCfg = Debug|Any CPU
		{7DE33397-40E0-47A8-9837-37002A6F02E5}.Debug|Any CPU.Build.0 = Debug|Any CPU
		{7DE33397-40E0-47A8-9837-37002A6F02E5}.Release|Any CPU.ActiveCfg = Release|Any CPU
		{7DE33397-40E0-47A8-9837-37002A6F02E5}.Release|Any CPU.Build.0 = Release|Any CPU
		{0BFFC87C-20A7-449C-B70F-983CCFBFCE07}.Debug|Any CPU.ActiveCfg = Debug|Any CPU
		{0BFFC87C-20A7-449C-B70F-983CCFBFCE07}.Debug|Any CPU.Build.0 = Debug|Any CPU
		{0BFFC87C-20A7-449C-B70F-983CCFBFCE07}.Release|Any CPU.ActiveCfg = Release|Any CPU
		{0BFFC87C-20A7-449C-B70F-983CCFBFCE07}.Release|Any CPU.Build.0 = Release|Any CPU
		{16265188-031F-4487-8915-F73B2833AFCA}.Debug|Any CPU.ActiveCfg = Debug|Any CPU
		{16265188-031F-4487-8915-F73B2833AFCA}.Debug|Any CPU.Build.0 = Debug|Any CPU
		{16265188-031F-4487-8915-F73B2833AFCA}.Release|Any CPU.ActiveCfg = Release|Any CPU
		{16265188-031F-4487-8915-F73B2833AFCA}.Release|Any CPU.Build.0 = Release|Any CPU
		{12F1F775-B4E9-4B49-B5C5-06C2FCCF58F2}.Debug|Any CPU.ActiveCfg = Debug|Any CPU
		{12F1F775-B4E9-4B49-B5C5-06C2FCCF58F2}.Debug|Any CPU.Build.0 = Debug|Any CPU
		{12F1F775-B4E9-4B49-B5C5-06C2FCCF58F2}.Release|Any CPU.ActiveCfg = Release|Any CPU
		{12F1F775-B4E9-4B49-B5C5-06C2FCCF58F2}.Release|Any CPU.Build.0 = Release|Any CPU
		{306869BB-2352-4A55-B9F4-B14E7EA2CAD8}.Debug|Any CPU.ActiveCfg = Debug|Any CPU
		{306869BB-2352-4A55-B9F4-B14E7EA2CAD8}.Debug|Any CPU.Build.0 = Debug|Any CPU
		{306869BB-2352-4A55-B9F4-B14E7EA2CAD8}.Release|Any CPU.ActiveCfg = Release|Any CPU
		{306869BB-2352-4A55-B9F4-B14E7EA2CAD8}.Release|Any CPU.Build.0 = Release|Any CPU
		{00B77A01-05AD-4200-9301-6BB638D53360}.Debug|Any CPU.ActiveCfg = Debug|Any CPU
		{00B77A01-05AD-4200-9301-6BB638D53360}.Debug|Any CPU.Build.0 = Debug|Any CPU
		{00B77A01-05AD-4200-9301-6BB638D53360}.Release|Any CPU.ActiveCfg = Release|Any CPU
		{00B77A01-05AD-4200-9301-6BB638D53360}.Release|Any CPU.Build.0 = Release|Any CPU
	EndGlobalSection
	GlobalSection(SolutionProperties) = preSolution
		HideSolutionNode = FALSE
	EndGlobalSection
	GlobalSection(NestedProjects) = preSolution
		{02EA681E-C7D8-13C7-8484-4AC65E1B71E8} = {40A7FBB2-0F20-4AE1-877C-BD1DF47EACEC}
		{5432D59D-DE27-435F-A145-B2F62216C9AC} = {40A7FBB2-0F20-4AE1-877C-BD1DF47EACEC}
		{58B57A10-B617-4DAA-83C3-B98130E09CFF} = {40A7FBB2-0F20-4AE1-877C-BD1DF47EACEC}
		{C2576654-F323-444A-9BA7-7AB9235691E6} = {40A7FBB2-0F20-4AE1-877C-BD1DF47EACEC}
		{7DE33397-40E0-47A8-9837-37002A6F02E5} = {58B57A10-B617-4DAA-83C3-B98130E09CFF}
		{0BFFC87C-20A7-449C-B70F-983CCFBFCE07} = {58B57A10-B617-4DAA-83C3-B98130E09CFF}
		{16265188-031F-4487-8915-F73B2833AFCA} = {C2576654-F323-444A-9BA7-7AB9235691E6}
		{12F1F775-B4E9-4B49-B5C5-06C2FCCF58F2} = {5432D59D-DE27-435F-A145-B2F62216C9AC}
		{306869BB-2352-4A55-B9F4-B14E7EA2CAD8} = {02EA681E-C7D8-13C7-8484-4AC65E1B71E8}
		{00B77A01-05AD-4200-9301-6BB638D53360} = {C2576654-F323-444A-9BA7-7AB9235691E6}
	EndGlobalSection
	GlobalSection(ExtensibilityGlobals) = postSolution
		SolutionGuid = {AF25F768-810C-404A-8184-4ED297770E09}
	EndGlobalSection
EndGlobal
